
Microsoft Visual Studio Solution File, Format Version 12.00
# Visual Studio 2013
VisualStudioVersion = 12.0.21005.1
MinimumVisualStudioVersion = 10.0.40219.1
Project("{FAE04EC0-301F-11D3-BF4B-00C04F79EFBC}") = "Homework4", "Homework4\Homework4.csproj", "{0ADBF5E4-02AE-4510-885E-98FFB1627A6B}"
EndProject
Project("{FAE04EC0-301F-11D3-BF4B-00C04F79EFBC}") = "zadacha2", "zadacha2\zadacha2.csproj", "{9B90B5D2-FC32-40DA-89F9-AFB88ED00F9A}"
EndProject
Project("{FAE04EC0-301F-11D3-BF4B-00C04F79EFBC}") = "zadacha4", "zadacha4\zadacha4.csproj", "{C954FA38-1479-4FB2-8355-0FE8D1386B6B}"
EndProject
Project("{FAE04EC0-301F-11D3-BF4B-00C04F79EFBC}") = "zadacha5", "zadacha5\zadacha5.csproj", "{CC139ED8-1561-4637-8491-E749F2ECA0A2}"
EndProject
Project("{FAE04EC0-301F-11D3-BF4B-00C04F79EFBC}") = "zadacha6", "zadacha6\zadacha6.csproj", "{BB82B264-56E9-4B8F-885F-BAF3A10395E4}"
EndProject
Project("{FAE04EC0-301F-11D3-BF4B-00C04F79EFBC}") = "zadacha3", "zadacha3\zadacha3.csproj", "{C1F60796-208C-424D-BF51-9567A8323360}"
EndProject
Project("{FAE04EC0-301F-11D3-BF4B-00C04F79EFBC}") = "zadacha7", "zadacha7\zadacha7.csproj", "{C274CEA8-DD4F-4B6B-B29A-BD18DF37D5BC}"
EndProject
Global
	GlobalSection(SolutionConfigurationPlatforms) = preSolution
		Debug|Any CPU = Debug|Any CPU
		Release|Any CPU = Release|Any CPU
	EndGlobalSection
	GlobalSection(ProjectConfigurationPlatforms) = postSolution
		{0ADBF5E4-02AE-4510-885E-98FFB1627A6B}.Debug|Any CPU.ActiveCfg = Debug|Any CPU
		{0ADBF5E4-02AE-4510-885E-98FFB1627A6B}.Debug|Any CPU.Build.0 = Debug|Any CPU
		{0ADBF5E4-02AE-4510-885E-98FFB1627A6B}.Release|Any CPU.ActiveCfg = Release|Any CPU
		{0ADBF5E4-02AE-4510-885E-98FFB1627A6B}.Release|Any CPU.Build.0 = Release|Any CPU
		{9B90B5D2-FC32-40DA-89F9-AFB88ED00F9A}.Debug|Any CPU.ActiveCfg = Debug|Any CPU
		{9B90B5D2-FC32-40DA-89F9-AFB88ED00F9A}.Debug|Any CPU.Build.0 = Debug|Any CPU
		{9B90B5D2-FC32-40DA-89F9-AFB88ED00F9A}.Release|Any CPU.ActiveCfg = Release|Any CPU
		{9B90B5D2-FC32-40DA-89F9-AFB88ED00F9A}.Release|Any CPU.Build.0 = Release|Any CPU
		{C954FA38-1479-4FB2-8355-0FE8D1386B6B}.Debug|Any CPU.ActiveCfg = Debug|Any CPU
		{C954FA38-1479-4FB2-8355-0FE8D1386B6B}.Debug|Any CPU.Build.0 = Debug|Any CPU
		{C954FA38-1479-4FB2-8355-0FE8D1386B6B}.Release|Any CPU.ActiveCfg = Release|Any CPU
		{C954FA38-1479-4FB2-8355-0FE8D1386B6B}.Release|Any CPU.Build.0 = Release|Any CPU
		{CC139ED8-1561-4637-8491-E749F2ECA0A2}.Debug|Any CPU.ActiveCfg = Debug|Any CPU
		{CC139ED8-1561-4637-8491-E749F2ECA0A2}.Debug|Any CPU.Build.0 = Debug|Any CPU
		{CC139ED8-1561-4637-8491-E749F2ECA0A2}.Release|Any CPU.ActiveCfg = Release|Any CPU
		{CC139ED8-1561-4637-8491-E749F2ECA0A2}.Release|Any CPU.Build.0 = Release|Any CPU
		{BB82B264-56E9-4B8F-885F-BAF3A10395E4}.Debug|Any CPU.ActiveCfg = Debug|Any CPU
		{BB82B264-56E9-4B8F-885F-BAF3A10395E4}.Debug|Any CPU.Build.0 = Debug|Any CPU
		{BB82B264-56E9-4B8F-885F-BAF3A10395E4}.Release|Any CPU.ActiveCfg = Release|Any CPU
		{BB82B264-56E9-4B8F-885F-BAF3A10395E4}.Release|Any CPU.Build.0 = Release|Any CPU
		{C1F60796-208C-424D-BF51-9567A8323360}.Debug|Any CPU.ActiveCfg = Debug|Any CPU
		{C1F60796-208C-424D-BF51-9567A8323360}.Debug|Any CPU.Build.0 = Debug|Any CPU
		{C1F60796-208C-424D-BF51-9567A8323360}.Release|Any CPU.ActiveCfg = Release|Any CPU
		{C1F60796-208C-424D-BF51-9567A8323360}.Release|Any CPU.Build.0 = Release|Any CPU
		{C274CEA8-DD4F-4B6B-B29A-BD18DF37D5BC}.Debug|Any CPU.ActiveCfg = Debug|Any CPU
		{C274CEA8-DD4F-4B6B-B29A-BD18DF37D5BC}.Debug|Any CPU.Build.0 = Debug|Any CPU
		{C274CEA8-DD4F-4B6B-B29A-BD18DF37D5BC}.Release|Any CPU.ActiveCfg = Release|Any CPU
		{C274CEA8-DD4F-4B6B-B29A-BD18DF37D5BC}.Release|Any CPU.Build.0 = Release|Any CPU
	EndGlobalSection
	GlobalSection(SolutionProperties) = preSolution
		HideSolutionNode = FALSE
	EndGlobalSection
EndGlobal
